
Microsoft Visual Studio Solution File, Format Version 12.00
# Visual Studio Version 16
VisualStudioVersion = 16.0.31229.75
MinimumVisualStudioVersion = 10.0.40219.1
Project("{9A19103F-16F7-4668-BE54-9A1E7A4F7556}") = "RoverApplication", "RoverApllication\RoverApplication.csproj", "{1D686369-E74E-4380-964C-FF8ED5286FDC}"
EndProject
Project("{FAE04EC0-301F-11D3-BF4B-00C04F79EFBC}") = "RoverApplicationTest", "RoverApplicationTest\RoverApplicationTest.csproj", "{49A6985E-CBE5-4CF3-B184-64B5334D8CBE}"
EndProject
Global
	GlobalSection(SolutionConfigurationPlatforms) = preSolution
		Debug|Any CPU = Debug|Any CPU
		Release|Any CPU = Release|Any CPU
	EndGlobalSection
	GlobalSection(ProjectConfigurationPlatforms) = postSolution
		{1D686369-E74E-4380-964C-FF8ED5286FDC}.Debug|Any CPU.ActiveCfg = Debug|Any CPU
		{1D686369-E74E-4380-964C-FF8ED5286FDC}.Debug|Any CPU.Build.0 = Debug|Any CPU
		{1D686369-E74E-4380-964C-FF8ED5286FDC}.Release|Any CPU.ActiveCfg = Release|Any CPU
		{1D686369-E74E-4380-964C-FF8ED5286FDC}.Release|Any CPU.Build.0 = Release|Any CPU
		{49A6985E-CBE5-4CF3-B184-64B5334D8CBE}.Debug|Any CPU.ActiveCfg = Debug|Any CPU
		{49A6985E-CBE5-4CF3-B184-64B5334D8CBE}.Debug|Any CPU.Build.0 = Debug|Any CPU
		{49A6985E-CBE5-4CF3-B184-64B5334D8CBE}.Release|Any CPU.ActiveCfg = Release|Any CPU
		{49A6985E-CBE5-4CF3-B184-64B5334D8CBE}.Release|Any CPU.Build.0 = Release|Any CPU
	EndGlobalSection
	GlobalSection(SolutionProperties) = preSolution
		HideSolutionNode = FALSE
	EndGlobalSection
	GlobalSection(ExtensibilityGlobals) = postSolution
		SolutionGuid = {33A77BB7-1B9E-405E-B5F8-9400204D2B76}
	EndGlobalSection
EndGlobal
